// !$*UTF8*$!
{
	archiveVersion = 1;
	classes = {
	};
	objectVersion = 46;
	objects = {

/* Begin PBXBuildFile section */
		2B19580A1ADD7F6800F55C77 /* PlaylistSongViewController.swift in Sources */ = {isa = PBXBuildFile; fileRef = 2B1958091ADD7F6800F55C77 /* PlaylistSongViewController.swift */; };
		2B19580C1ADEEC9400F55C77 /* CameraViewController.swift in Sources */ = {isa = PBXBuildFile; fileRef = 2B19580B1ADEEC9400F55C77 /* CameraViewController.swift */; };
		2B1F0ED31ACDA5FC00BBCBCA /* AppDelegate.swift in Sources */ = {isa = PBXBuildFile; fileRef = 2B1F0ED21ACDA5FC00BBCBCA /* AppDelegate.swift */; };
		2B1F0ED51ACDA5FC00BBCBCA /* ViewController.swift in Sources */ = {isa = PBXBuildFile; fileRef = 2B1F0ED41ACDA5FC00BBCBCA /* ViewController.swift */; };
		2B1F0EDA1ACDA5FC00BBCBCA /* Images.xcassets in Resources */ = {isa = PBXBuildFile; fileRef = 2B1F0ED91ACDA5FC00BBCBCA /* Images.xcassets */; };
		2B1F0EDD1ACDA5FC00BBCBCA /* LaunchScreen.xib in Resources */ = {isa = PBXBuildFile; fileRef = 2B1F0EDB1ACDA5FC00BBCBCA /* LaunchScreen.xib */; };
		2B1F0EE91ACDA5FC00BBCBCA /* MusicDiscoveryTests.swift in Sources */ = {isa = PBXBuildFile; fileRef = 2B1F0EE81ACDA5FC00BBCBCA /* MusicDiscoveryTests.swift */; };
		2B1F0EF31ACDA65D00BBCBCA /* Spotify.framework in Frameworks */ = {isa = PBXBuildFile; fileRef = 2B1F0EF21ACDA65D00BBCBCA /* Spotify.framework */; };
		2B1F0F001ACDA7B600BBCBCA /* Main.storyboard in Resources */ = {isa = PBXBuildFile; fileRef = 2B1F0EFE1ACDA7B600BBCBCA /* Main.storyboard */; };
		2B1F0F041ACE23B900BBCBCA /* LoginViewController.swift in Sources */ = {isa = PBXBuildFile; fileRef = 2B1F0F031ACE23B900BBCBCA /* LoginViewController.swift */; };
		2B4856D31ADFEFBA000F9FBF /* CoreMotion.framework in Frameworks */ = {isa = PBXBuildFile; fileRef = 2B4856D21ADFEFBA000F9FBF /* CoreMotion.framework */; };
		2B4856D51ADFEFD6000F9FBF /* CoreGraphics.framework in Frameworks */ = {isa = PBXBuildFile; fileRef = 2B4856D41ADFEFD6000F9FBF /* CoreGraphics.framework */; };
		2B4856D71ADFF37C000F9FBF /* MapKit.framework in Frameworks */ = {isa = PBXBuildFile; fileRef = 2B4856D61ADFF37C000F9FBF /* MapKit.framework */; };
		2B5504201AE6B40700C7257E /* PanicARKit.framework in Frameworks */ = {isa = PBXBuildFile; fileRef = 2B55041F1AE6B40700C7257E /* PanicARKit.framework */; };
		2B5504251AE6BC2200C7257E /* BluemixCommunication.swift in Sources */ = {isa = PBXBuildFile; fileRef = 2B5504241AE6BC2200C7257E /* BluemixCommunication.swift */; };
		2B57D37C1ADD6FA000AAE553 /* SwiftyJSON.swift in Sources */ = {isa = PBXBuildFile; fileRef = 2B57D37B1ADD6FA000AAE553 /* SwiftyJSON.swift */; };
		2B57D37E1ADD776900AAE553 /* SpotifyWebAPI.swift in Sources */ = {isa = PBXBuildFile; fileRef = 2B57D37D1ADD776900AAE553 /* SpotifyWebAPI.swift */; };
		2B676D1B1AD8256D0048E09C /* User.swift in Sources */ = {isa = PBXBuildFile; fileRef = 2B676D1A1AD8256D0048E09C /* User.swift */; };
		2B85BF821AD6241D00F62893 /* ProfileViewController.swift in Sources */ = {isa = PBXBuildFile; fileRef = 2B85BF811AD6241D00F62893 /* ProfileViewController.swift */; };
		2BC5881B1ADD66C000F82C76 /* MusicPlayer.swift in Sources */ = {isa = PBXBuildFile; fileRef = 2BC5881A1ADD66C000F82C76 /* MusicPlayer.swift */; };
		2BE7DFDD1AE6CCA10089CF6A /* PanicARKit.framework in Resources */ = {isa = PBXBuildFile; fileRef = 2B55041F1AE6B40700C7257E /* PanicARKit.framework */; };
		2BE7DFDE1AE6CCA10089CF6A /* PanicARKitResources.bundle in Resources */ = {isa = PBXBuildFile; fileRef = 2B55041D1AE6B3B700C7257E /* PanicARKitResources.bundle */; };
		2BF313F41AD36CD4004E1C06 /* AudioPlayer.swift in Sources */ = {isa = PBXBuildFile; fileRef = 2BF313F31AD36CD4004E1C06 /* AudioPlayer.swift */; };
		A213765E1ADF6DA300DCD745 /* MapCalculator.swift in Sources */ = {isa = PBXBuildFile; fileRef = A213765D1ADF6DA300DCD745 /* MapCalculator.swift */; };
		A23B70C91AD6671F00833A6B /* MapsTestStoryboard.storyboard in Resources */ = {isa = PBXBuildFile; fileRef = A23B70C81AD6671F00833A6B /* MapsTestStoryboard.storyboard */; };
		A23B70CE1AD66FCA00833A6B /* HybridMapView.xib in Resources */ = {isa = PBXBuildFile; fileRef = A23B70CD1AD66FCA00833A6B /* HybridMapView.xib */; };
		A23B70D01AD66FE000833A6B /* SatteliteMapView.xib in Resources */ = {isa = PBXBuildFile; fileRef = A23B70CF1AD66FE000833A6B /* SatteliteMapView.xib */; };
		A23B70D21AD66FFF00833A6B /* NormalMapView.xib in Resources */ = {isa = PBXBuildFile; fileRef = A23B70D11AD66FFF00833A6B /* NormalMapView.xib */; };
		A23B70D41AD6784600833A6B /* MapHandler.swift in Sources */ = {isa = PBXBuildFile; fileRef = A23B70D31AD6784600833A6B /* MapHandler.swift */; };
		A2BD7BEB1AD365400066A4A3 /* LocationHandler.swift in Sources */ = {isa = PBXBuildFile; fileRef = A2BD7BEA1AD365400066A4A3 /* LocationHandler.swift */; };
		A2E7BDE71AD450FF0087094C /* GoogleDataProvider.swift in Sources */ = {isa = PBXBuildFile; fileRef = A2E7BDE61AD450FF0087094C /* GoogleDataProvider.swift */; };
		A2E7BDE81AD450FF0087094C /* GoogleDataProvider.swift in Sources */ = {isa = PBXBuildFile; fileRef = A2E7BDE61AD450FF0087094C /* GoogleDataProvider.swift */; };
		A2E7BDEC1AD451E20087094C /* GoogleMaps.framework in Frameworks */ = {isa = PBXBuildFile; fileRef = A2E7BDEB1AD451E20087094C /* GoogleMaps.framework */; };
		A2E7BDEF1AD4520A0087094C /* GoogleMaps.bundle in Resources */ = {isa = PBXBuildFile; fileRef = A2E7BDEE1AD4520A0087094C /* GoogleMaps.bundle */; };
		A2E7BDF01AD4520A0087094C /* GoogleMaps.bundle in Resources */ = {isa = PBXBuildFile; fileRef = A2E7BDEE1AD4520A0087094C /* GoogleMaps.bundle */; };
		A2E7BDFD1AD452A80087094C /* AVFoundation.framework in Frameworks */ = {isa = PBXBuildFile; fileRef = A2E7BDF11AD452A80087094C /* AVFoundation.framework */; };
		A2E7BDFE1AD452A80087094C /* CoreData.framework in Frameworks */ = {isa = PBXBuildFile; fileRef = A2E7BDF21AD452A80087094C /* CoreData.framework */; };
		A2E7BDFF1AD452A80087094C /* CoreLocation.framework in Frameworks */ = {isa = PBXBuildFile; fileRef = A2E7BDF31AD452A80087094C /* CoreLocation.framework */; };
		A2E7BE001AD452A80087094C /* CoreText.framework in Frameworks */ = {isa = PBXBuildFile; fileRef = A2E7BDF41AD452A80087094C /* CoreText.framework */; };
		A2E7BE011AD452A80087094C /* GLKit.framework in Frameworks */ = {isa = PBXBuildFile; fileRef = A2E7BDF51AD452A80087094C /* GLKit.framework */; };
		A2E7BE021AD452A80087094C /* ImageIO.framework in Frameworks */ = {isa = PBXBuildFile; fileRef = A2E7BDF61AD452A80087094C /* ImageIO.framework */; };
		A2E7BE031AD452A80087094C /* libc++.dylib in Frameworks */ = {isa = PBXBuildFile; fileRef = A2E7BDF71AD452A80087094C /* libc++.dylib */; };
		A2E7BE041AD452A80087094C /* libicucore.dylib in Frameworks */ = {isa = PBXBuildFile; fileRef = A2E7BDF81AD452A80087094C /* libicucore.dylib */; };
		A2E7BE051AD452A80087094C /* libz.dylib in Frameworks */ = {isa = PBXBuildFile; fileRef = A2E7BDF91AD452A80087094C /* libz.dylib */; };
		A2E7BE061AD452A80087094C /* OpenGLES.framework in Frameworks */ = {isa = PBXBuildFile; fileRef = A2E7BDFA1AD452A80087094C /* OpenGLES.framework */; };
		A2E7BE071AD452A80087094C /* QuartzCore.framework in Frameworks */ = {isa = PBXBuildFile; fileRef = A2E7BDFB1AD452A80087094C /* QuartzCore.framework */; };
		A2E7BE081AD452A80087094C /* SystemConfiguration.framework in Frameworks */ = {isa = PBXBuildFile; fileRef = A2E7BDFC1AD452A80087094C /* SystemConfiguration.framework */; };
		A2E7BE0D1AD458120087094C /* GooglePlace.swift in Sources */ = {isa = PBXBuildFile; fileRef = A2E7BE0C1AD458120087094C /* GooglePlace.swift */; };
		A2E7BE0E1AD458120087094C /* GooglePlace.swift in Sources */ = {isa = PBXBuildFile; fileRef = A2E7BE0C1AD458120087094C /* GooglePlace.swift */; };
		A2E7BE101AD458570087094C /* MapViewController.swift in Sources */ = {isa = PBXBuildFile; fileRef = A2E7BE0F1AD458570087094C /* MapViewController.swift */; };
		A2E7BE361AD4F0D50087094C /* SettingsViewController.swift in Sources */ = {isa = PBXBuildFile; fileRef = A2E7BE351AD4F0D50087094C /* SettingsViewController.swift */; };
		CCC2525A04EF16443698DC13 /* Pods_MusicDiscovery.framework in Frameworks */ = {isa = PBXBuildFile; fileRef = 9CB2A34F5A84520BB9AAE289 /* Pods_MusicDiscovery.framework */; settings = {ATTRIBUTES = (Weak, ); }; };
/* End PBXBuildFile section */

/* Begin PBXContainerItemProxy section */
		2B1F0EE31ACDA5FC00BBCBCA /* PBXContainerItemProxy */ = {
			isa = PBXContainerItemProxy;
			containerPortal = 2B1F0EC51ACDA5FC00BBCBCA /* Project object */;
			proxyType = 1;
			remoteGlobalIDString = 2B1F0ECC1ACDA5FC00BBCBCA;
			remoteInfo = MusicDiscovery;
		};
/* End PBXContainerItemProxy section */

/* Begin PBXCopyFilesBuildPhase section */
		2B5504181AE6B22100C7257E /* Embed Frameworks */ = {
			isa = PBXCopyFilesBuildPhase;
			buildActionMask = 2147483647;
			dstPath = "";
			dstSubfolderSpec = 10;
			files = (
			);
			name = "Embed Frameworks";
			runOnlyForDeploymentPostprocessing = 0;
		};
/* End PBXCopyFilesBuildPhase section */

/* Begin PBXFileReference section */
		2B1958091ADD7F6800F55C77 /* PlaylistSongViewController.swift */ = {isa = PBXFileReference; fileEncoding = 4; lastKnownFileType = sourcecode.swift; path = PlaylistSongViewController.swift; sourceTree = "<group>"; };
		2B19580B1ADEEC9400F55C77 /* CameraViewController.swift */ = {isa = PBXFileReference; fileEncoding = 4; lastKnownFileType = sourcecode.swift; path = CameraViewController.swift; sourceTree = "<group>"; };
		2B1F0ECD1ACDA5FC00BBCBCA /* MusicDiscovery.app */ = {isa = PBXFileReference; explicitFileType = wrapper.application; includeInIndex = 0; path = MusicDiscovery.app; sourceTree = BUILT_PRODUCTS_DIR; };
		2B1F0ED11ACDA5FC00BBCBCA /* Info.plist */ = {isa = PBXFileReference; lastKnownFileType = text.plist.xml; path = Info.plist; sourceTree = "<group>"; };
		2B1F0ED21ACDA5FC00BBCBCA /* AppDelegate.swift */ = {isa = PBXFileReference; lastKnownFileType = sourcecode.swift; path = AppDelegate.swift; sourceTree = "<group>"; };
		2B1F0ED41ACDA5FC00BBCBCA /* ViewController.swift */ = {isa = PBXFileReference; lastKnownFileType = sourcecode.swift; name = ViewController.swift; path = MusicDiscovery/ViewController.swift; sourceTree = "<group>"; };
		2B1F0ED91ACDA5FC00BBCBCA /* Images.xcassets */ = {isa = PBXFileReference; lastKnownFileType = folder.assetcatalog; path = Images.xcassets; sourceTree = "<group>"; };
		2B1F0EDC1ACDA5FC00BBCBCA /* Base */ = {isa = PBXFileReference; lastKnownFileType = file.xib; name = Base; path = Base.lproj/LaunchScreen.xib; sourceTree = "<group>"; };
		2B1F0EE21ACDA5FC00BBCBCA /* MusicDiscoveryTests.xctest */ = {isa = PBXFileReference; explicitFileType = wrapper.cfbundle; includeInIndex = 0; path = MusicDiscoveryTests.xctest; sourceTree = BUILT_PRODUCTS_DIR; };
		2B1F0EE71ACDA5FC00BBCBCA /* Info.plist */ = {isa = PBXFileReference; lastKnownFileType = text.plist.xml; path = Info.plist; sourceTree = "<group>"; };
		2B1F0EE81ACDA5FC00BBCBCA /* MusicDiscoveryTests.swift */ = {isa = PBXFileReference; lastKnownFileType = sourcecode.swift; path = MusicDiscoveryTests.swift; sourceTree = "<group>"; };
		2B1F0EF21ACDA65D00BBCBCA /* Spotify.framework */ = {isa = PBXFileReference; lastKnownFileType = wrapper.framework; path = Spotify.framework; sourceTree = "<group>"; };
		2B1F0EFF1ACDA7B600BBCBCA /* Base */ = {isa = PBXFileReference; lastKnownFileType = file.storyboard; name = Base; path = Base.lproj/Main.storyboard; sourceTree = "<group>"; };
		2B1F0F031ACE23B900BBCBCA /* LoginViewController.swift */ = {isa = PBXFileReference; fileEncoding = 4; lastKnownFileType = sourcecode.swift; name = LoginViewController.swift; path = MusicDiscovery/LoginViewController.swift; sourceTree = "<group>"; };
		2B1F0F071ACE241400BBCBCA /* Music-Discovery-Bridging-Header.h */ = {isa = PBXFileReference; fileEncoding = 4; lastKnownFileType = sourcecode.c.h; path = "Music-Discovery-Bridging-Header.h"; sourceTree = "<group>"; };
		2B4856D21ADFEFBA000F9FBF /* CoreMotion.framework */ = {isa = PBXFileReference; lastKnownFileType = wrapper.framework; name = CoreMotion.framework; path = System/Library/Frameworks/CoreMotion.framework; sourceTree = SDKROOT; };
		2B4856D41ADFEFD6000F9FBF /* CoreGraphics.framework */ = {isa = PBXFileReference; lastKnownFileType = wrapper.framework; name = CoreGraphics.framework; path = System/Library/Frameworks/CoreGraphics.framework; sourceTree = SDKROOT; };
		2B4856D61ADFF37C000F9FBF /* MapKit.framework */ = {isa = PBXFileReference; lastKnownFileType = wrapper.framework; name = MapKit.framework; path = System/Library/Frameworks/MapKit.framework; sourceTree = SDKROOT; };
		2B55041D1AE6B3B700C7257E /* PanicARKitResources.bundle */ = {isa = PBXFileReference; lastKnownFileType = "wrapper.plug-in"; path = PanicARKitResources.bundle; sourceTree = "<group>"; };
		2B55041F1AE6B40700C7257E /* PanicARKit.framework */ = {isa = PBXFileReference; lastKnownFileType = wrapper.framework; path = PanicARKit.framework; sourceTree = "<group>"; };
		2B5504241AE6BC2200C7257E /* BluemixCommunication.swift */ = {isa = PBXFileReference; fileEncoding = 4; lastKnownFileType = sourcecode.swift; path = BluemixCommunication.swift; sourceTree = "<group>"; };
		2B57D37B1ADD6FA000AAE553 /* SwiftyJSON.swift */ = {isa = PBXFileReference; fileEncoding = 4; lastKnownFileType = sourcecode.swift; path = SwiftyJSON.swift; sourceTree = "<group>"; };
		2B57D37D1ADD776900AAE553 /* SpotifyWebAPI.swift */ = {isa = PBXFileReference; fileEncoding = 4; lastKnownFileType = sourcecode.swift; path = SpotifyWebAPI.swift; sourceTree = "<group>"; };
		2B676D1A1AD8256D0048E09C /* User.swift */ = {isa = PBXFileReference; fileEncoding = 4; lastKnownFileType = sourcecode.swift; path = User.swift; sourceTree = "<group>"; };
		2B85BF811AD6241D00F62893 /* ProfileViewController.swift */ = {isa = PBXFileReference; fileEncoding = 4; lastKnownFileType = sourcecode.swift; path = ProfileViewController.swift; sourceTree = "<group>"; };
		2BC5881A1ADD66C000F82C76 /* MusicPlayer.swift */ = {isa = PBXFileReference; fileEncoding = 4; lastKnownFileType = sourcecode.swift; path = MusicPlayer.swift; sourceTree = "<group>"; };
		2BF313F31AD36CD4004E1C06 /* AudioPlayer.swift */ = {isa = PBXFileReference; fileEncoding = 4; lastKnownFileType = sourcecode.swift; path = AudioPlayer.swift; sourceTree = "<group>"; };
		9CB2A34F5A84520BB9AAE289 /* Pods_MusicDiscovery.framework */ = {isa = PBXFileReference; explicitFileType = wrapper.framework; includeInIndex = 0; path = Pods_MusicDiscovery.framework; sourceTree = BUILT_PRODUCTS_DIR; };
		A213765D1ADF6DA300DCD745 /* MapCalculator.swift */ = {isa = PBXFileReference; fileEncoding = 4; lastKnownFileType = sourcecode.swift; path = MapCalculator.swift; sourceTree = "<group>"; };
		A23B70C81AD6671F00833A6B /* MapsTestStoryboard.storyboard */ = {isa = PBXFileReference; fileEncoding = 4; lastKnownFileType = file.storyboard; path = MapsTestStoryboard.storyboard; sourceTree = "<group>"; };
		A23B70CD1AD66FCA00833A6B /* HybridMapView.xib */ = {isa = PBXFileReference; fileEncoding = 4; lastKnownFileType = file.xib; path = HybridMapView.xib; sourceTree = "<group>"; };
		A23B70CF1AD66FE000833A6B /* SatteliteMapView.xib */ = {isa = PBXFileReference; fileEncoding = 4; lastKnownFileType = file.xib; path = SatteliteMapView.xib; sourceTree = "<group>"; };
		A23B70D11AD66FFF00833A6B /* NormalMapView.xib */ = {isa = PBXFileReference; fileEncoding = 4; lastKnownFileType = file.xib; path = NormalMapView.xib; sourceTree = "<group>"; };
		A23B70D31AD6784600833A6B /* MapHandler.swift */ = {isa = PBXFileReference; fileEncoding = 4; lastKnownFileType = sourcecode.swift; path = MapHandler.swift; sourceTree = "<group>"; };
		A2BD7BEA1AD365400066A4A3 /* LocationHandler.swift */ = {isa = PBXFileReference; fileEncoding = 4; lastKnownFileType = sourcecode.swift; path = LocationHandler.swift; sourceTree = "<group>"; };
		A2E7BDE61AD450FF0087094C /* GoogleDataProvider.swift */ = {isa = PBXFileReference; fileEncoding = 4; lastKnownFileType = sourcecode.swift; path = GoogleDataProvider.swift; sourceTree = "<group>"; };
		A2E7BDEB1AD451E20087094C /* GoogleMaps.framework */ = {isa = PBXFileReference; lastKnownFileType = wrapper.framework; path = GoogleMaps.framework; sourceTree = "<group>"; };
		A2E7BDEE1AD4520A0087094C /* GoogleMaps.bundle */ = {isa = PBXFileReference; lastKnownFileType = "wrapper.plug-in"; path = GoogleMaps.bundle; sourceTree = "<group>"; };
		A2E7BDF11AD452A80087094C /* AVFoundation.framework */ = {isa = PBXFileReference; lastKnownFileType = wrapper.framework; name = AVFoundation.framework; path = System/Library/Frameworks/AVFoundation.framework; sourceTree = SDKROOT; };
		A2E7BDF21AD452A80087094C /* CoreData.framework */ = {isa = PBXFileReference; lastKnownFileType = wrapper.framework; name = CoreData.framework; path = System/Library/Frameworks/CoreData.framework; sourceTree = SDKROOT; };
		A2E7BDF31AD452A80087094C /* CoreLocation.framework */ = {isa = PBXFileReference; lastKnownFileType = wrapper.framework; name = CoreLocation.framework; path = System/Library/Frameworks/CoreLocation.framework; sourceTree = SDKROOT; };
		A2E7BDF41AD452A80087094C /* CoreText.framework */ = {isa = PBXFileReference; lastKnownFileType = wrapper.framework; name = CoreText.framework; path = System/Library/Frameworks/CoreText.framework; sourceTree = SDKROOT; };
		A2E7BDF51AD452A80087094C /* GLKit.framework */ = {isa = PBXFileReference; lastKnownFileType = wrapper.framework; name = GLKit.framework; path = System/Library/Frameworks/GLKit.framework; sourceTree = SDKROOT; };
		A2E7BDF61AD452A80087094C /* ImageIO.framework */ = {isa = PBXFileReference; lastKnownFileType = wrapper.framework; name = ImageIO.framework; path = System/Library/Frameworks/ImageIO.framework; sourceTree = SDKROOT; };
		A2E7BDF71AD452A80087094C /* libc++.dylib */ = {isa = PBXFileReference; lastKnownFileType = "compiled.mach-o.dylib"; name = "libc++.dylib"; path = "usr/lib/libc++.dylib"; sourceTree = SDKROOT; };
		A2E7BDF81AD452A80087094C /* libicucore.dylib */ = {isa = PBXFileReference; lastKnownFileType = "compiled.mach-o.dylib"; name = libicucore.dylib; path = usr/lib/libicucore.dylib; sourceTree = SDKROOT; };
		A2E7BDF91AD452A80087094C /* libz.dylib */ = {isa = PBXFileReference; lastKnownFileType = "compiled.mach-o.dylib"; name = libz.dylib; path = usr/lib/libz.dylib; sourceTree = SDKROOT; };
		A2E7BDFA1AD452A80087094C /* OpenGLES.framework */ = {isa = PBXFileReference; lastKnownFileType = wrapper.framework; name = OpenGLES.framework; path = System/Library/Frameworks/OpenGLES.framework; sourceTree = SDKROOT; };
		A2E7BDFB1AD452A80087094C /* QuartzCore.framework */ = {isa = PBXFileReference; lastKnownFileType = wrapper.framework; name = QuartzCore.framework; path = System/Library/Frameworks/QuartzCore.framework; sourceTree = SDKROOT; };
		A2E7BDFC1AD452A80087094C /* SystemConfiguration.framework */ = {isa = PBXFileReference; lastKnownFileType = wrapper.framework; name = SystemConfiguration.framework; path = System/Library/Frameworks/SystemConfiguration.framework; sourceTree = SDKROOT; };
		A2E7BE0C1AD458120087094C /* GooglePlace.swift */ = {isa = PBXFileReference; fileEncoding = 4; lastKnownFileType = sourcecode.swift; path = GooglePlace.swift; sourceTree = "<group>"; };
		A2E7BE0F1AD458570087094C /* MapViewController.swift */ = {isa = PBXFileReference; fileEncoding = 4; lastKnownFileType = sourcecode.swift; name = MapViewController.swift; path = MusicDiscovery/MapViewController.swift; sourceTree = "<group>"; };
		A2E7BE351AD4F0D50087094C /* SettingsViewController.swift */ = {isa = PBXFileReference; fileEncoding = 4; lastKnownFileType = sourcecode.swift; name = SettingsViewController.swift; path = MusicDiscovery/SettingsViewController.swift; sourceTree = "<group>"; };
		C9A32B7E36868F0D16F791A2 /* Pods-MusicDiscovery.release.xcconfig */ = {isa = PBXFileReference; includeInIndex = 1; lastKnownFileType = text.xcconfig; name = "Pods-MusicDiscovery.release.xcconfig"; path = "Pods/Target Support Files/Pods-MusicDiscovery/Pods-MusicDiscovery.release.xcconfig"; sourceTree = "<group>"; };
		E5E59609BB682B5F355BA057 /* Pods-MusicDiscovery.debug.xcconfig */ = {isa = PBXFileReference; includeInIndex = 1; lastKnownFileType = text.xcconfig; name = "Pods-MusicDiscovery.debug.xcconfig"; path = "Pods/Target Support Files/Pods-MusicDiscovery/Pods-MusicDiscovery.debug.xcconfig"; sourceTree = "<group>"; };
/* End PBXFileReference section */

/* Begin PBXFrameworksBuildPhase section */
		2B1F0ECA1ACDA5FC00BBCBCA /* Frameworks */ = {
			isa = PBXFrameworksBuildPhase;
			buildActionMask = 2147483647;
			files = (
				2B4856D71ADFF37C000F9FBF /* MapKit.framework in Frameworks */,
				2B5504201AE6B40700C7257E /* PanicARKit.framework in Frameworks */,
				2B4856D51ADFEFD6000F9FBF /* CoreGraphics.framework in Frameworks */,
				2B4856D31ADFEFBA000F9FBF /* CoreMotion.framework in Frameworks */,
				A2E7BDFD1AD452A80087094C /* AVFoundation.framework in Frameworks */,
				A2E7BDFE1AD452A80087094C /* CoreData.framework in Frameworks */,
				A2E7BDFF1AD452A80087094C /* CoreLocation.framework in Frameworks */,
				A2E7BE001AD452A80087094C /* CoreText.framework in Frameworks */,
				A2E7BE011AD452A80087094C /* GLKit.framework in Frameworks */,
				A2E7BE021AD452A80087094C /* ImageIO.framework in Frameworks */,
				A2E7BE031AD452A80087094C /* libc++.dylib in Frameworks */,
				A2E7BE041AD452A80087094C /* libicucore.dylib in Frameworks */,
				A2E7BE051AD452A80087094C /* libz.dylib in Frameworks */,
				A2E7BE061AD452A80087094C /* OpenGLES.framework in Frameworks */,
				A2E7BE071AD452A80087094C /* QuartzCore.framework in Frameworks */,
				A2E7BE081AD452A80087094C /* SystemConfiguration.framework in Frameworks */,
				A2E7BDEC1AD451E20087094C /* GoogleMaps.framework in Frameworks */,
				2B1F0EF31ACDA65D00BBCBCA /* Spotify.framework in Frameworks */,
				CCC2525A04EF16443698DC13 /* Pods_MusicDiscovery.framework in Frameworks */,
			);
			runOnlyForDeploymentPostprocessing = 0;
		};
		2B1F0EDF1ACDA5FC00BBCBCA /* Frameworks */ = {
			isa = PBXFrameworksBuildPhase;
			buildActionMask = 2147483647;
			files = (
			);
			runOnlyForDeploymentPostprocessing = 0;
		};
/* End PBXFrameworksBuildPhase section */

/* Begin PBXGroup section */
		2B1F0EC41ACDA5FC00BBCBCA = {
			isa = PBXGroup;
			children = (
				A2E7BDEA1AD451740087094C /* FrameWorks */,
				2B1F0ECF1ACDA5FC00BBCBCA /* MusicDiscovery */,
				2B1F0EE51ACDA5FC00BBCBCA /* MusicDiscoveryTests */,
				2B1F0ECE1ACDA5FC00BBCBCA /* Products */,
				2D351D4808CE636B1C2758E9 /* Pods */,
				86B3AEDF0A006C15B64CAC48 /* Frameworks */,
			);
			sourceTree = "<group>";
		};
		2B1F0ECE1ACDA5FC00BBCBCA /* Products */ = {
			isa = PBXGroup;
			children = (
				2B1F0ECD1ACDA5FC00BBCBCA /* MusicDiscovery.app */,
				2B1F0EE21ACDA5FC00BBCBCA /* MusicDiscoveryTests.xctest */,
			);
			name = Products;
			sourceTree = "<group>";
		};
		2B1F0ECF1ACDA5FC00BBCBCA /* MusicDiscovery */ = {
			isa = PBXGroup;
			children = (
				A23B70CC1AD66F9E00833A6B /* SubViews */,
				2B1F0F071ACE241400BBCBCA /* Music-Discovery-Bridging-Header.h */,
				A23B70C71AD6670200833A6B /* StoryBoards */,
				A2E7BDE91AD451080087094C /* Models */,
				A2E7BE121AD458630087094C /* ViewControllers */,
				2B1F0ED91ACDA5FC00BBCBCA /* Images.xcassets */,
				2B1F0EDB1ACDA5FC00BBCBCA /* LaunchScreen.xib */,
				2B1F0ED01ACDA5FC00BBCBCA /* Supporting Files */,
				2B57D37B1ADD6FA000AAE553 /* SwiftyJSON.swift */,
				2B57D37D1ADD776900AAE553 /* SpotifyWebAPI.swift */,
				2B5504241AE6BC2200C7257E /* BluemixCommunication.swift */,
			);
			path = MusicDiscovery;
			sourceTree = "<group>";
		};
		2B1F0ED01ACDA5FC00BBCBCA /* Supporting Files */ = {
			isa = PBXGroup;
			children = (
				2B1F0ED11ACDA5FC00BBCBCA /* Info.plist */,
			);
			name = "Supporting Files";
			sourceTree = "<group>";
		};
		2B1F0EE51ACDA5FC00BBCBCA /* MusicDiscoveryTests */ = {
			isa = PBXGroup;
			children = (
				2B1F0EE81ACDA5FC00BBCBCA /* MusicDiscoveryTests.swift */,
				2B1F0EE61ACDA5FC00BBCBCA /* Supporting Files */,
			);
			path = MusicDiscoveryTests;
			sourceTree = "<group>";
		};
		2B1F0EE61ACDA5FC00BBCBCA /* Supporting Files */ = {
			isa = PBXGroup;
			children = (
				2B1F0EE71ACDA5FC00BBCBCA /* Info.plist */,
			);
			name = "Supporting Files";
			sourceTree = "<group>";
		};
		2D351D4808CE636B1C2758E9 /* Pods */ = {
			isa = PBXGroup;
			children = (
				E5E59609BB682B5F355BA057 /* Pods-MusicDiscovery.debug.xcconfig */,
				C9A32B7E36868F0D16F791A2 /* Pods-MusicDiscovery.release.xcconfig */,
			);
			name = Pods;
			sourceTree = "<group>";
		};
		86B3AEDF0A006C15B64CAC48 /* Frameworks */ = {
			isa = PBXGroup;
			children = (
				2B4856D61ADFF37C000F9FBF /* MapKit.framework */,
				2B4856D41ADFEFD6000F9FBF /* CoreGraphics.framework */,
				2B4856D21ADFEFBA000F9FBF /* CoreMotion.framework */,
				9CB2A34F5A84520BB9AAE289 /* Pods_MusicDiscovery.framework */,
			);
			name = Frameworks;
			sourceTree = "<group>";
		};
		A23B70C71AD6670200833A6B /* StoryBoards */ = {
			isa = PBXGroup;
			children = (
				A23B70C81AD6671F00833A6B /* MapsTestStoryboard.storyboard */,
				2B1F0EFE1ACDA7B600BBCBCA /* Main.storyboard */,
			);
			name = StoryBoards;
			sourceTree = "<group>";
		};
		A23B70CC1AD66F9E00833A6B /* SubViews */ = {
			isa = PBXGroup;
			children = (
				A23B70CD1AD66FCA00833A6B /* HybridMapView.xib */,
				A23B70CF1AD66FE000833A6B /* SatteliteMapView.xib */,
				A23B70D11AD66FFF00833A6B /* NormalMapView.xib */,
			);
			name = SubViews;
			sourceTree = "<group>";
		};
		A2E7BDE91AD451080087094C /* Models */ = {
			isa = PBXGroup;
			children = (
				A23B70D31AD6784600833A6B /* MapHandler.swift */,
				2B1F0ED21ACDA5FC00BBCBCA /* AppDelegate.swift */,
				2BF313F31AD36CD4004E1C06 /* AudioPlayer.swift */,
				2B676D1A1AD8256D0048E09C /* User.swift */,
				A2BD7BEA1AD365400066A4A3 /* LocationHandler.swift */,
				A2E7BE0C1AD458120087094C /* GooglePlace.swift */,
				A2E7BDE61AD450FF0087094C /* GoogleDataProvider.swift */,
				A213765D1ADF6DA300DCD745 /* MapCalculator.swift */,
			);
			name = Models;
			sourceTree = "<group>";
		};
		A2E7BDEA1AD451740087094C /* FrameWorks */ = {
			isa = PBXGroup;
			children = (
				2B55041F1AE6B40700C7257E /* PanicARKit.framework */,
				2B55041D1AE6B3B700C7257E /* PanicARKitResources.bundle */,
				A2E7BE091AD452D20087094C /* Google Maps */,
				2B1F0EF21ACDA65D00BBCBCA /* Spotify.framework */,
			);
			name = FrameWorks;
			sourceTree = "<group>";
		};
		A2E7BE091AD452D20087094C /* Google Maps */ = {
			isa = PBXGroup;
			children = (
				A2E7BDF11AD452A80087094C /* AVFoundation.framework */,
				A2E7BDF21AD452A80087094C /* CoreData.framework */,
				A2E7BDF31AD452A80087094C /* CoreLocation.framework */,
				A2E7BDF41AD452A80087094C /* CoreText.framework */,
				A2E7BDF51AD452A80087094C /* GLKit.framework */,
				A2E7BDF61AD452A80087094C /* ImageIO.framework */,
				A2E7BDF71AD452A80087094C /* libc++.dylib */,
				A2E7BDF81AD452A80087094C /* libicucore.dylib */,
				A2E7BDF91AD452A80087094C /* libz.dylib */,
				A2E7BDFA1AD452A80087094C /* OpenGLES.framework */,
				A2E7BDFB1AD452A80087094C /* QuartzCore.framework */,
				A2E7BDFC1AD452A80087094C /* SystemConfiguration.framework */,
				A2E7BDEE1AD4520A0087094C /* GoogleMaps.bundle */,
				A2E7BDEB1AD451E20087094C /* GoogleMaps.framework */,
			);
			name = "Google Maps";
			sourceTree = "<group>";
		};
		A2E7BE121AD458630087094C /* ViewControllers */ = {
			isa = PBXGroup;
			children = (
				2B1F0ED41ACDA5FC00BBCBCA /* ViewController.swift */,
				2B1958091ADD7F6800F55C77 /* PlaylistSongViewController.swift */,
				2BC5881A1ADD66C000F82C76 /* MusicPlayer.swift */,
				2B85BF811AD6241D00F62893 /* ProfileViewController.swift */,
				2B1F0F031ACE23B900BBCBCA /* LoginViewController.swift */,
				A2E7BE351AD4F0D50087094C /* SettingsViewController.swift */,
				A2E7BE0F1AD458570087094C /* MapViewController.swift */,
				2B19580B1ADEEC9400F55C77 /* CameraViewController.swift */,
			);
			name = ViewControllers;
			path = ..;
			sourceTree = "<group>";
		};
/* End PBXGroup section */

/* Begin PBXNativeTarget section */
		2B1F0ECC1ACDA5FC00BBCBCA /* MusicDiscovery */ = {
			isa = PBXNativeTarget;
			buildConfigurationList = 2B1F0EEC1ACDA5FC00BBCBCA /* Build configuration list for PBXNativeTarget "MusicDiscovery" */;
			buildPhases = (
				26AAAF1291291BBC9900C785 /* Check Pods Manifest.lock */,
				2B1F0EC91ACDA5FC00BBCBCA /* Sources */,
				2B1F0ECA1ACDA5FC00BBCBCA /* Frameworks */,
				2B1F0ECB1ACDA5FC00BBCBCA /* Resources */,
				F3E419C239221C145989A5E0 /* Embed Pods Frameworks */,
				A18588C064B68243A027DA92 /* Copy Pods Resources */,
				2B5504181AE6B22100C7257E /* Embed Frameworks */,
			);
			buildRules = (
			);
			dependencies = (
			);
			name = MusicDiscovery;
			productName = MusicDiscovery;
			productReference = 2B1F0ECD1ACDA5FC00BBCBCA /* MusicDiscovery.app */;
			productType = "com.apple.product-type.application";
		};
		2B1F0EE11ACDA5FC00BBCBCA /* MusicDiscoveryTests */ = {
			isa = PBXNativeTarget;
			buildConfigurationList = 2B1F0EEF1ACDA5FC00BBCBCA /* Build configuration list for PBXNativeTarget "MusicDiscoveryTests" */;
			buildPhases = (
				2B1F0EDE1ACDA5FC00BBCBCA /* Sources */,
				2B1F0EDF1ACDA5FC00BBCBCA /* Frameworks */,
				2B1F0EE01ACDA5FC00BBCBCA /* Resources */,
			);
			buildRules = (
			);
			dependencies = (
				2B1F0EE41ACDA5FC00BBCBCA /* PBXTargetDependency */,
			);
			name = MusicDiscoveryTests;
			productName = MusicDiscoveryTests;
			productReference = 2B1F0EE21ACDA5FC00BBCBCA /* MusicDiscoveryTests.xctest */;
			productType = "com.apple.product-type.bundle.unit-test";
		};
/* End PBXNativeTarget section */

/* Begin PBXProject section */
		2B1F0EC51ACDA5FC00BBCBCA /* Project object */ = {
			isa = PBXProject;
			attributes = {
				LastUpgradeCheck = 0620;
				ORGANIZATIONNAME = "Nick Martinson";
				TargetAttributes = {
					2B1F0ECC1ACDA5FC00BBCBCA = {
						CreatedOnToolsVersion = 6.2;
						DevelopmentTeam = B782ML49FF;
					};
					2B1F0EE11ACDA5FC00BBCBCA = {
						CreatedOnToolsVersion = 6.2;
						TestTargetID = 2B1F0ECC1ACDA5FC00BBCBCA;
					};
				};
			};
			buildConfigurationList = 2B1F0EC81ACDA5FC00BBCBCA /* Build configuration list for PBXProject "MusicDiscovery" */;
			compatibilityVersion = "Xcode 3.2";
			developmentRegion = English;
			hasScannedForEncodings = 0;
			knownRegions = (
				en,
				Base,
			);
			mainGroup = 2B1F0EC41ACDA5FC00BBCBCA;
			productRefGroup = 2B1F0ECE1ACDA5FC00BBCBCA /* Products */;
			projectDirPath = "";
			projectRoot = "";
			targets = (
				2B1F0ECC1ACDA5FC00BBCBCA /* MusicDiscovery */,
				2B1F0EE11ACDA5FC00BBCBCA /* MusicDiscoveryTests */,
			);
		};
/* End PBXProject section */

/* Begin PBXResourcesBuildPhase section */
		2B1F0ECB1ACDA5FC00BBCBCA /* Resources */ = {
			isa = PBXResourcesBuildPhase;
			buildActionMask = 2147483647;
			files = (
				2BE7DFDD1AE6CCA10089CF6A /* PanicARKit.framework in Resources */,
				2BE7DFDE1AE6CCA10089CF6A /* PanicARKitResources.bundle in Resources */,
				2B1F0F001ACDA7B600BBCBCA /* Main.storyboard in Resources */,
				A23B70CE1AD66FCA00833A6B /* HybridMapView.xib in Resources */,
				2B1F0EDD1ACDA5FC00BBCBCA /* LaunchScreen.xib in Resources */,
				A23B70C91AD6671F00833A6B /* MapsTestStoryboard.storyboard in Resources */,
				A23B70D21AD66FFF00833A6B /* NormalMapView.xib in Resources */,
				A23B70D01AD66FE000833A6B /* SatteliteMapView.xib in Resources */,
				2B1F0EDA1ACDA5FC00BBCBCA /* Images.xcassets in Resources */,
				A2E7BDEF1AD4520A0087094C /* GoogleMaps.bundle in Resources */,
			);
			runOnlyForDeploymentPostprocessing = 0;
		};
		2B1F0EE01ACDA5FC00BBCBCA /* Resources */ = {
			isa = PBXResourcesBuildPhase;
			buildActionMask = 2147483647;
			files = (
				A2E7BDF01AD4520A0087094C /* GoogleMaps.bundle in Resources */,
			);
			runOnlyForDeploymentPostprocessing = 0;
		};
/* End PBXResourcesBuildPhase section */

/* Begin PBXShellScriptBuildPhase section */
		26AAAF1291291BBC9900C785 /* Check Pods Manifest.lock */ = {
			isa = PBXShellScriptBuildPhase;
			buildActionMask = 2147483647;
			files = (
			);
			inputPaths = (
			);
			name = "Check Pods Manifest.lock";
			outputPaths = (
			);
			runOnlyForDeploymentPostprocessing = 0;
			shellPath = /bin/sh;
			shellScript = "diff \"${PODS_ROOT}/../Podfile.lock\" \"${PODS_ROOT}/Manifest.lock\" > /dev/null\nif [[ $? != 0 ]] ; then\n    cat << EOM\nerror: The sandbox is not in sync with the Podfile.lock. Run 'pod install' or update your CocoaPods installation.\nEOM\n    exit 1\nfi\n";
			showEnvVarsInLog = 0;
		};
		A18588C064B68243A027DA92 /* Copy Pods Resources */ = {
			isa = PBXShellScriptBuildPhase;
			buildActionMask = 2147483647;
			files = (
			);
			inputPaths = (
			);
			name = "Copy Pods Resources";
			outputPaths = (
			);
			runOnlyForDeploymentPostprocessing = 0;
			shellPath = /bin/sh;
			shellScript = "\"${SRCROOT}/Pods/Target Support Files/Pods-MusicDiscovery/Pods-MusicDiscovery-resources.sh\"\n";
			showEnvVarsInLog = 0;
		};
		F3E419C239221C145989A5E0 /* Embed Pods Frameworks */ = {
			isa = PBXShellScriptBuildPhase;
			buildActionMask = 2147483647;
			files = (
			);
			inputPaths = (
			);
			name = "Embed Pods Frameworks";
			outputPaths = (
			);
			runOnlyForDeploymentPostprocessing = 0;
			shellPath = /bin/sh;
			shellScript = "\"${SRCROOT}/Pods/Target Support Files/Pods-MusicDiscovery/Pods-MusicDiscovery-frameworks.sh\"\n";
			showEnvVarsInLog = 0;
		};
/* End PBXShellScriptBuildPhase section */

/* Begin PBXSourcesBuildPhase section */
		2B1F0EC91ACDA5FC00BBCBCA /* Sources */ = {
			isa = PBXSourcesBuildPhase;
			buildActionMask = 2147483647;
			files = (
				2BC5881B1ADD66C000F82C76 /* MusicPlayer.swift in Sources */,
				A2BD7BEB1AD365400066A4A3 /* LocationHandler.swift in Sources */,
				A23B70D41AD6784600833A6B /* MapHandler.swift in Sources */,
				2B5504251AE6BC2200C7257E /* BluemixCommunication.swift in Sources */,
				2B19580C1ADEEC9400F55C77 /* CameraViewController.swift in Sources */,
				A2E7BDE71AD450FF0087094C /* GoogleDataProvider.swift in Sources */,
				2B85BF821AD6241D00F62893 /* ProfileViewController.swift in Sources */,
				2B57D37C1ADD6FA000AAE553 /* SwiftyJSON.swift in Sources */,
				2B19580A1ADD7F6800F55C77 /* PlaylistSongViewController.swift in Sources */,
				A213765E1ADF6DA300DCD745 /* MapCalculator.swift in Sources */,
				2B1F0F041ACE23B900BBCBCA /* LoginViewController.swift in Sources */,
				2B1F0ED51ACDA5FC00BBCBCA /* ViewController.swift in Sources */,
				2BF313F41AD36CD4004E1C06 /* AudioPlayer.swift in Sources */,
				2B57D37E1ADD776900AAE553 /* SpotifyWebAPI.swift in Sources */,
				2B1F0ED31ACDA5FC00BBCBCA /* AppDelegate.swift in Sources */,
				2B676D1B1AD8256D0048E09C /* User.swift in Sources */,
				A2E7BE0D1AD458120087094C /* GooglePlace.swift in Sources */,
				A2E7BE101AD458570087094C /* MapViewController.swift in Sources */,
				A2E7BE361AD4F0D50087094C /* SettingsViewController.swift in Sources */,
			);
			runOnlyForDeploymentPostprocessing = 0;
		};
		2B1F0EDE1ACDA5FC00BBCBCA /* Sources */ = {
			isa = PBXSourcesBuildPhase;
			buildActionMask = 2147483647;
			files = (
				2B1F0EE91ACDA5FC00BBCBCA /* MusicDiscoveryTests.swift in Sources */,
				A2E7BDE81AD450FF0087094C /* GoogleDataProvider.swift in Sources */,
				A2E7BE0E1AD458120087094C /* GooglePlace.swift in Sources */,
			);
			runOnlyForDeploymentPostprocessing = 0;
		};
/* End PBXSourcesBuildPhase section */

/* Begin PBXTargetDependency section */
		2B1F0EE41ACDA5FC00BBCBCA /* PBXTargetDependency */ = {
			isa = PBXTargetDependency;
			target = 2B1F0ECC1ACDA5FC00BBCBCA /* MusicDiscovery */;
			targetProxy = 2B1F0EE31ACDA5FC00BBCBCA /* PBXContainerItemProxy */;
		};
/* End PBXTargetDependency section */

/* Begin PBXVariantGroup section */
		2B1F0EDB1ACDA5FC00BBCBCA /* LaunchScreen.xib */ = {
			isa = PBXVariantGroup;
			children = (
				2B1F0EDC1ACDA5FC00BBCBCA /* Base */,
			);
			name = LaunchScreen.xib;
			sourceTree = "<group>";
		};
		2B1F0EFE1ACDA7B600BBCBCA /* Main.storyboard */ = {
			isa = PBXVariantGroup;
			children = (
				2B1F0EFF1ACDA7B600BBCBCA /* Base */,
			);
			name = Main.storyboard;
			sourceTree = "<group>";
		};
/* End PBXVariantGroup section */

/* Begin XCBuildConfiguration section */
		2B1F0EEA1ACDA5FC00BBCBCA /* Debug */ = {
			isa = XCBuildConfiguration;
			buildSettings = {
				ALWAYS_SEARCH_USER_PATHS = NO;
				CLANG_CXX_LANGUAGE_STANDARD = "gnu++0x";
				CLANG_CXX_LIBRARY = "libc++";
				CLANG_ENABLE_MODULES = YES;
				CLANG_ENABLE_OBJC_ARC = YES;
				CLANG_WARN_BOOL_CONVERSION = YES;
				CLANG_WARN_CONSTANT_CONVERSION = YES;
				CLANG_WARN_DIRECT_OBJC_ISA_USAGE = YES_ERROR;
				CLANG_WARN_EMPTY_BODY = YES;
				CLANG_WARN_ENUM_CONVERSION = YES;
				CLANG_WARN_INT_CONVERSION = YES;
				CLANG_WARN_OBJC_ROOT_CLASS = YES_ERROR;
				CLANG_WARN_UNREACHABLE_CODE = YES;
				CLANG_WARN__DUPLICATE_METHOD_MATCH = YES;
				"CODE_SIGN_IDENTITY[sdk=iphoneos*]" = "iPhone Developer";
				COPY_PHASE_STRIP = NO;
				ENABLE_STRICT_OBJC_MSGSEND = YES;
				GCC_C_LANGUAGE_STANDARD = gnu99;
				GCC_DYNAMIC_NO_PIC = NO;
				GCC_OPTIMIZATION_LEVEL = 0;
				GCC_PREPROCESSOR_DEFINITIONS = (
					"DEBUG=1",
					"$(inherited)",
				);
				GCC_SYMBOLS_PRIVATE_EXTERN = NO;
				GCC_WARN_64_TO_32_BIT_CONVERSION = YES;
				GCC_WARN_ABOUT_RETURN_TYPE = YES_ERROR;
				GCC_WARN_UNDECLARED_SELECTOR = YES;
				GCC_WARN_UNINITIALIZED_AUTOS = YES_AGGRESSIVE;
				GCC_WARN_UNUSED_FUNCTION = YES;
				GCC_WARN_UNUSED_VARIABLE = YES;
				IPHONEOS_DEPLOYMENT_TARGET = 8.3;
				MTL_ENABLE_DEBUG_INFO = YES;
				ONLY_ACTIVE_ARCH = YES;
				OTHER_LDFLAGS = "-ObjC";
				SDKROOT = iphoneos;
				SWIFT_OPTIMIZATION_LEVEL = "-Onone";
			};
			name = Debug;
		};
		2B1F0EEB1ACDA5FC00BBCBCA /* Release */ = {
			isa = XCBuildConfiguration;
			buildSettings = {
				ALWAYS_SEARCH_USER_PATHS = NO;
				CLANG_CXX_LANGUAGE_STANDARD = "gnu++0x";
				CLANG_CXX_LIBRARY = "libc++";
				CLANG_ENABLE_MODULES = YES;
				CLANG_ENABLE_OBJC_ARC = YES;
				CLANG_WARN_BOOL_CONVERSION = YES;
				CLANG_WARN_CONSTANT_CONVERSION = YES;
				CLANG_WARN_DIRECT_OBJC_ISA_USAGE = YES_ERROR;
				CLANG_WARN_EMPTY_BODY = YES;
				CLANG_WARN_ENUM_CONVERSION = YES;
				CLANG_WARN_INT_CONVERSION = YES;
				CLANG_WARN_OBJC_ROOT_CLASS = YES_ERROR;
				CLANG_WARN_UNREACHABLE_CODE = YES;
				CLANG_WARN__DUPLICATE_METHOD_MATCH = YES;
				"CODE_SIGN_IDENTITY[sdk=iphoneos*]" = "iPhone Developer";
				COPY_PHASE_STRIP = NO;
				ENABLE_NS_ASSERTIONS = NO;
				ENABLE_STRICT_OBJC_MSGSEND = YES;
				GCC_C_LANGUAGE_STANDARD = gnu99;
				GCC_WARN_64_TO_32_BIT_CONVERSION = YES;
				GCC_WARN_ABOUT_RETURN_TYPE = YES_ERROR;
				GCC_WARN_UNDECLARED_SELECTOR = YES;
				GCC_WARN_UNINITIALIZED_AUTOS = YES_AGGRESSIVE;
				GCC_WARN_UNUSED_FUNCTION = YES;
				GCC_WARN_UNUSED_VARIABLE = YES;
				IPHONEOS_DEPLOYMENT_TARGET = 8.3;
				MTL_ENABLE_DEBUG_INFO = NO;
				OTHER_LDFLAGS = "-ObjC";
				SDKROOT = iphoneos;
				VALIDATE_PRODUCT = YES;
			};
			name = Release;
		};
		2B1F0EED1ACDA5FC00BBCBCA /* Debug */ = {
			isa = XCBuildConfiguration;
			baseConfigurationReference = E5E59609BB682B5F355BA057 /* Pods-MusicDiscovery.debug.xcconfig */;
			buildSettings = {
				ASSETCATALOG_COMPILER_APPICON_NAME = AppIcon;
				CLANG_ENABLE_MODULES = YES;
				CODE_SIGN_IDENTITY = "iPhone Developer";
				FRAMEWORK_SEARCH_PATHS = (
					"$(inherited)",
					"$(PROJECT_DIR)",
					/Users/nickmartinson/Xcode/Libraries/PanicAR/Framework,
				);
				INFOPLIST_FILE = MusicDiscovery/Info.plist;
				IPHONEOS_DEPLOYMENT_TARGET = 8.0;
				LD_RUNPATH_SEARCH_PATHS = "$(inherited) @executable_path/Frameworks";
				OTHER_LDFLAGS = "-ObjC";
				PRODUCT_NAME = "$(TARGET_NAME)";
				SWIFT_OBJC_BRIDGING_HEADER = "MusicDiscovery/Music-Discovery-Bridging-Header.h";
				SWIFT_OPTIMIZATION_LEVEL = "-Onone";
				TARGETED_DEVICE_FAMILY = "1,2";
			};
			name = Debug;
		};
		2B1F0EEE1ACDA5FC00BBCBCA /* Release */ = {
			isa = XCBuildConfiguration;
			baseConfigurationReference = C9A32B7E36868F0D16F791A2 /* Pods-MusicDiscovery.release.xcconfig */;
			buildSettings = {
				ASSETCATALOG_COMPILER_APPICON_NAME = AppIcon;
				CLANG_ENABLE_MODULES = YES;
				CODE_SIGN_IDENTITY = "iPhone Developer";
				FRAMEWORK_SEARCH_PATHS = (
					"$(inherited)",
					"$(PROJECT_DIR)",
					/Users/nickmartinson/Xcode/Libraries/PanicAR/Framework,
				);
				INFOPLIST_FILE = MusicDiscovery/Info.plist;
				IPHONEOS_DEPLOYMENT_TARGET = 8.0;
				LD_RUNPATH_SEARCH_PATHS = "$(inherited) @executable_path/Frameworks";
				OTHER_LDFLAGS = "-ObjC";
				PRODUCT_NAME = "$(TARGET_NAME)";
				SWIFT_OBJC_BRIDGING_HEADER = "MusicDiscovery/Music-Discovery-Bridging-Header.h";
				TARGETED_DEVICE_FAMILY = "1,2";
			};
			name = Release;
		};
		2B1F0EF01ACDA5FC00BBCBCA /* Debug */ = {
			isa = XCBuildConfiguration;
			buildSettings = {
				BUNDLE_LOADER = "$(TEST_HOST)";
				FRAMEWORK_SEARCH_PATHS = (
					"$(SDKROOT)/Developer/Library/Frameworks",
					"$(inherited)",
					"$(PROJECT_DIR)",
				);
				GCC_PREPROCESSOR_DEFINITIONS = (
					"DEBUG=1",
					"$(inherited)",
				);
				INFOPLIST_FILE = MusicDiscoveryTests/Info.plist;
				LD_RUNPATH_SEARCH_PATHS = "$(inherited) @executable_path/Frameworks @loader_path/Frameworks";
				PRODUCT_NAME = "$(TARGET_NAME)";
				TEST_HOST = "$(BUILT_PRODUCTS_DIR)/MusicDiscovery.app/MusicDiscovery";
			};
			name = Debug;
		};
		2B1F0EF11ACDA5FC00BBCBCA /* Release */ = {
			isa = XCBuildConfiguration;
			buildSettings = {
				BUNDLE_LOADER = "$(TEST_HOST)";
				FRAMEWORK_SEARCH_PATHS = (
					"$(SDKROOT)/Developer/Library/Frameworks",
					"$(inherited)",
					"$(PROJECT_DIR)",
				);
				INFOPLIST_FILE = MusicDiscoveryTests/Info.plist;
				LD_RUNPATH_SEARCH_PATHS = "$(inherited) @executable_path/Frameworks @loader_path/Frameworks";
				PRODUCT_NAME = "$(TARGET_NAME)";
				TEST_HOST = "$(BUILT_PRODUCTS_DIR)/MusicDiscovery.app/MusicDiscovery";
			};
			name = Release;
		};
/* End XCBuildConfiguration section */

/* Begin XCConfigurationList section */
		2B1F0EC81ACDA5FC00BBCBCA /* Build configuration list for PBXProject "MusicDiscovery" */ = {
			isa = XCConfigurationList;
			buildConfigurations = (
				2B1F0EEA1ACDA5FC00BBCBCA /* Debug */,
				2B1F0EEB1ACDA5FC00BBCBCA /* Release */,
			);
			defaultConfigurationIsVisible = 0;
			defaultConfigurationName = Release;
		};
		2B1F0EEC1ACDA5FC00BBCBCA /* Build configuration list for PBXNativeTarget "MusicDiscovery" */ = {
			isa = XCConfigurationList;
			buildConfigurations = (
				2B1F0EED1ACDA5FC00BBCBCA /* Debug */,
				2B1F0EEE1ACDA5FC00BBCBCA /* Release */,
			);
			defaultConfigurationIsVisible = 0;
			defaultConfigurationName = Release;
		};
		2B1F0EEF1ACDA5FC00BBCBCA /* Build configuration list for PBXNativeTarget "MusicDiscoveryTests" */ = {
			isa = XCConfigurationList;
			buildConfigurations = (
				2B1F0EF01ACDA5FC00BBCBCA /* Debug */,
				2B1F0EF11ACDA5FC00BBCBCA /* Release */,
			);
			defaultConfigurationIsVisible = 0;
			defaultConfigurationName = Release;
		};
/* End XCConfigurationList section */
	};
	rootObject = 2B1F0EC51ACDA5FC00BBCBCA /* Project object */;
}
